
Microsoft Visual Studio Solution File, Format Version 12.00
# Visual Studio Version 17
VisualStudioVersion = 17.3.32929.385
MinimumVisualStudioVersion = 10.0.40219.1
Project("{FAE04EC0-301F-11D3-BF4B-00C04F79EFBC}") = "client", "client\client.csproj", "{C8E3AC34-DC04-44A3-BF44-F845EA0CE2AD}"
EndProject
Global
	GlobalSection(SolutionConfigurationPlatforms) = preSolution
		Debug|Any CPU = Debug|Any CPU
		Release|Any CPU = Release|Any CPU
	EndGlobalSection
	GlobalSection(ProjectConfigurationPlatforms) = postSolution
		{C8E3AC34-DC04-44A3-BF44-F845EA0CE2AD}.Debug|Any CPU.ActiveCfg = Debug|Any CPU
		{C8E3AC34-DC04-44A3-BF44-F845EA0CE2AD}.Debug|Any CPU.Build.0 = Debug|Any CPU
		{C8E3AC34-DC04-44A3-BF44-F845EA0CE2AD}.Release|Any CPU.ActiveCfg = Release|Any CPU
		{C8E3AC34-DC04-44A3-BF44-F845EA0CE2AD}.Release|Any CPU.Build.0 = Release|Any CPU
	EndGlobalSection
	GlobalSection(SolutionProperties) = preSolution
		HideSolutionNode = FALSE
	EndGlobalSection
	GlobalSection(ExtensibilityGlobals) = postSolution
		SolutionGuid = {1843931F-63FC-4CDA-98A1-0C283FBFE1D9}
	EndGlobalSection
EndGlobal
