
Microsoft Visual Studio Solution File, Format Version 12.00
# Visual Studio Version 17
VisualStudioVersion = 17.3.32929.385
MinimumVisualStudioVersion = 10.0.40219.1
Project("{FAE04EC0-301F-11D3-BF4B-00C04F79EFBC}") = "quizserver", "quizserver\quizserver.csproj", "{368E05F2-9D14-4684-9542-C67474722D87}"
EndProject
Global
	GlobalSection(SolutionConfigurationPlatforms) = preSolution
		Debug|Any CPU = Debug|Any CPU
		Release|Any CPU = Release|Any CPU
	EndGlobalSection
	GlobalSection(ProjectConfigurationPlatforms) = postSolution
		{368E05F2-9D14-4684-9542-C67474722D87}.Debug|Any CPU.ActiveCfg = Debug|Any CPU
		{368E05F2-9D14-4684-9542-C67474722D87}.Debug|Any CPU.Build.0 = Debug|Any CPU
		{368E05F2-9D14-4684-9542-C67474722D87}.Release|Any CPU.ActiveCfg = Release|Any CPU
		{368E05F2-9D14-4684-9542-C67474722D87}.Release|Any CPU.Build.0 = Release|Any CPU
	EndGlobalSection
	GlobalSection(SolutionProperties) = preSolution
		HideSolutionNode = FALSE
	EndGlobalSection
	GlobalSection(ExtensibilityGlobals) = postSolution
		SolutionGuid = {ACCE205F-DAD9-4C3D-B280-D4DABFB24D60}
	EndGlobalSection
EndGlobal
